
Microsoft Visual Studio Solution File, Format Version 12.00
# Visual Studio Version 16
VisualStudioVersion = 16.0.30413.136
MinimumVisualStudioVersion = 10.0.40219.1
Project("{FAE04EC0-301F-11D3-BF4B-00C04F79EFBC}") = "UserManagementApp", "UserManagementApp\UserManagementApp.csproj", "{2AE30009-C529-442A-8D30-553542D5C4B8}"
EndProject
Global
	GlobalSection(SolutionConfigurationPlatforms) = preSolution
		Debug|Any CPU = Debug|Any CPU
		Release|Any CPU = Release|Any CPU
	EndGlobalSection
	GlobalSection(ProjectConfigurationPlatforms) = postSolution
		{2AE30009-C529-442A-8D30-553542D5C4B8}.Debug|Any CPU.ActiveCfg = Debug|Any CPU
		{2AE30009-C529-442A-8D30-553542D5C4B8}.Debug|Any CPU.Build.0 = Debug|Any CPU
		{2AE30009-C529-442A-8D30-553542D5C4B8}.Release|Any CPU.ActiveCfg = Release|Any CPU
		{2AE30009-C529-442A-8D30-553542D5C4B8}.Release|Any CPU.Build.0 = Release|Any CPU
	EndGlobalSection
	GlobalSection(SolutionProperties) = preSolution
		HideSolutionNode = FALSE
	EndGlobalSection
	GlobalSection(ExtensibilityGlobals) = postSolution
		SolutionGuid = {9CD99D92-CE29-4EB9-A71F-0B4DA88F38CC}
	EndGlobalSection
EndGlobal
